
Microsoft Visual Studio Solution File, Format Version 12.00
# Visual Studio Version 17
VisualStudioVersion = 17.7.34018.315
MinimumVisualStudioVersion = 10.0.40219.1
Project("{FAE04EC0-301F-11D3-BF4B-00C04F79EFBC}") = "AzureAdApi", "AzureAdApi\AzureAdApi.csproj", "{A8003D68-91C9-4541-8E48-15A80BE36931}"
EndProject
Global
	GlobalSection(SolutionConfigurationPlatforms) = preSolution
		Debug|Any CPU = Debug|Any CPU
		Release|Any CPU = Release|Any CPU
	EndGlobalSection
	GlobalSection(ProjectConfigurationPlatforms) = postSolution
		{A8003D68-91C9-4541-8E48-15A80BE36931}.Debug|Any CPU.ActiveCfg = Debug|Any CPU
		{A8003D68-91C9-4541-8E48-15A80BE36931}.Debug|Any CPU.Build.0 = Debug|Any CPU
		{A8003D68-91C9-4541-8E48-15A80BE36931}.Release|Any CPU.ActiveCfg = Release|Any CPU
		{A8003D68-91C9-4541-8E48-15A80BE36931}.Release|Any CPU.Build.0 = Release|Any CPU
	EndGlobalSection
	GlobalSection(SolutionProperties) = preSolution
		HideSolutionNode = FALSE
	EndGlobalSection
	GlobalSection(ExtensibilityGlobals) = postSolution
		SolutionGuid = {22023259-52B5-4A4A-A70E-FF38990D641F}
	EndGlobalSection
EndGlobal
